
Microsoft Visual Studio Solution File, Format Version 12.00
# Visual Studio 15
VisualStudioVersion = 15.0.28307.1525
MinimumVisualStudioVersion = 10.0.40219.1
Project("{FAE04EC0-301F-11D3-BF4B-00C04F79EFBC}") = "RemoveAny", "RemoveAny\RemoveAny.csproj", "{75D2A45A-7BCF-4983-A6CE-B35236E78FD2}"
EndProject
Project("{FAE04EC0-301F-11D3-BF4B-00C04F79EFBC}") = "RemoveAnyTests", "RemoveAnyTests\RemoveAnyTests.csproj", "{3AFF310C-0CE6-4FF8-AA2A-C18324EE52A2}"
EndProject
Global
	GlobalSection(SolutionConfigurationPlatforms) = preSolution
		Debug|Any CPU = Debug|Any CPU
		Release|Any CPU = Release|Any CPU
	EndGlobalSection
	GlobalSection(ProjectConfigurationPlatforms) = postSolution
		{75D2A45A-7BCF-4983-A6CE-B35236E78FD2}.Debug|Any CPU.ActiveCfg = Debug|Any CPU
		{75D2A45A-7BCF-4983-A6CE-B35236E78FD2}.Debug|Any CPU.Build.0 = Debug|Any CPU
		{75D2A45A-7BCF-4983-A6CE-B35236E78FD2}.Release|Any CPU.ActiveCfg = Release|Any CPU
		{75D2A45A-7BCF-4983-A6CE-B35236E78FD2}.Release|Any CPU.Build.0 = Release|Any CPU
		{3AFF310C-0CE6-4FF8-AA2A-C18324EE52A2}.Debug|Any CPU.ActiveCfg = Debug|Any CPU
		{3AFF310C-0CE6-4FF8-AA2A-C18324EE52A2}.Debug|Any CPU.Build.0 = Debug|Any CPU
		{3AFF310C-0CE6-4FF8-AA2A-C18324EE52A2}.Release|Any CPU.ActiveCfg = Release|Any CPU
		{3AFF310C-0CE6-4FF8-AA2A-C18324EE52A2}.Release|Any CPU.Build.0 = Release|Any CPU
	EndGlobalSection
	GlobalSection(SolutionProperties) = preSolution
		HideSolutionNode = FALSE
	EndGlobalSection
	GlobalSection(ExtensibilityGlobals) = postSolution
		SolutionGuid = {8414EF59-F500-498D-9774-8173EA3EF4A2}
	EndGlobalSection
EndGlobal
